
Microsoft Visual Studio Solution File, Format Version 12.00
# Visual Studio 15
VisualStudioVersion = 15.0.27004.2009
MinimumVisualStudioVersion = 10.0.40219.1
Project("{8BC9CEB8-8B4A-11D0-8D11-00A0C91BC942}") = "CudaMex", "CudaMex.vcxproj", "{6698E8EC-49D9-421E-AA87-5BCC6B466347}"
	ProjectSection(ProjectDependencies) = postProject
		{3E663AF2-4E6F-487B-9072-CCA90C66A822} = {3E663AF2-4E6F-487B-9072-CCA90C66A822}
	EndProjectSection
EndProject
Project("{8BC9CEB8-8B4A-11D0-8D11-00A0C91BC942}") = "CudaImageProcessor", "CudaImageProcessor.vcxproj", "{3E663AF2-4E6F-487B-9072-CCA90C66A822}"
EndProject
Project("{8BC9CEB8-8B4A-11D0-8D11-00A0C91BC942}") = "CudaPy3DLL", "CudaPy3DLL.vcxproj", "{0957901A-E67A-40C2-9EF5-76DF8EFBC2D5}"
	ProjectSection(ProjectDependencies) = postProject
		{3E663AF2-4E6F-487B-9072-CCA90C66A822} = {3E663AF2-4E6F-487B-9072-CCA90C66A822}
	EndProjectSection
EndProject
Global
	GlobalSection(SolutionConfigurationPlatforms) = preSolution
		Debug|x64 = Debug|x64
		Debug|x86 = Debug|x86
		Release|x64 = Release|x64
		Release|x86 = Release|x86
	EndGlobalSection
	GlobalSection(ProjectConfigurationPlatforms) = postSolution
		{6698E8EC-49D9-421E-AA87-5BCC6B466347}.Debug|x64.ActiveCfg = Debug|x64
		{6698E8EC-49D9-421E-AA87-5BCC6B466347}.Debug|x64.Build.0 = Debug|x64
		{6698E8EC-49D9-421E-AA87-5BCC6B466347}.Debug|x86.ActiveCfg = Debug|x64
		{6698E8EC-49D9-421E-AA87-5BCC6B466347}.Release|x64.ActiveCfg = Release|x64
		{6698E8EC-49D9-421E-AA87-5BCC6B466347}.Release|x64.Build.0 = Release|x64
		{6698E8EC-49D9-421E-AA87-5BCC6B466347}.Release|x86.ActiveCfg = Release|x64
		{3E663AF2-4E6F-487B-9072-CCA90C66A822}.Debug|x64.ActiveCfg = Debug|x64
		{3E663AF2-4E6F-487B-9072-CCA90C66A822}.Debug|x64.Build.0 = Debug|x64
		{3E663AF2-4E6F-487B-9072-CCA90C66A822}.Debug|x86.ActiveCfg = Debug|x64
		{3E663AF2-4E6F-487B-9072-CCA90C66A822}.Release|x64.ActiveCfg = Release|x64
		{3E663AF2-4E6F-487B-9072-CCA90C66A822}.Release|x64.Build.0 = Release|x64
		{3E663AF2-4E6F-487B-9072-CCA90C66A822}.Release|x86.ActiveCfg = Release|x64
		{0957901A-E67A-40C2-9EF5-76DF8EFBC2D5}.Debug|x64.ActiveCfg = Debug|x64
		{0957901A-E67A-40C2-9EF5-76DF8EFBC2D5}.Debug|x64.Build.0 = Debug|x64
		{0957901A-E67A-40C2-9EF5-76DF8EFBC2D5}.Debug|x86.ActiveCfg = Debug|Win32
		{0957901A-E67A-40C2-9EF5-76DF8EFBC2D5}.Debug|x86.Build.0 = Debug|Win32
		{0957901A-E67A-40C2-9EF5-76DF8EFBC2D5}.Release|x64.ActiveCfg = Release|x64
		{0957901A-E67A-40C2-9EF5-76DF8EFBC2D5}.Release|x86.ActiveCfg = Release|Win32
		{0957901A-E67A-40C2-9EF5-76DF8EFBC2D5}.Release|x86.Build.0 = Release|Win32
	EndGlobalSection
	GlobalSection(SolutionProperties) = preSolution
		HideSolutionNode = FALSE
	EndGlobalSection
	GlobalSection(ExtensibilityGlobals) = postSolution
		SolutionGuid = {37E2637D-1039-47F0-B668-9457026E34F7}
	EndGlobalSection
EndGlobal
