<?xml version="1.0" encoding="utf-8"?>
<Project ToolsVersion="4.0" xmlns="http://schemas.microsoft.com/developer/msbuild/2003">
  <ItemGroup>
    <Filter Include="Header Files">
      <UniqueIdentifier>{9315d6db-18e6-494b-8ba4-f9746589b300}</UniqueIdentifier>
      <Extensions>h;cuh</Extensions>
    </Filter>
    <Filter Include="Source Files">
      <UniqueIdentifier>{32b6812c-a179-48e2-99db-6a8951810c44}</UniqueIdentifier>
      <Extensions>c;cpp;cu</Extensions>
    </Filter>
  </ItemGroup>
  <ItemGroup>
    <ClInclude Include="Cuda\CHelpers.h">
      <Filter>Header Files</Filter>
    </ClInclude>
    <ClInclude Include="Cuda\Defines.h">
      <Filter>Header Files</Filter>
    </ClInclude>
    <ClInclude Include="Cuda\Vec.h">
      <Filter>Header Files</Filter>
    </ClInclude>
    <ClInclude Include="Cuda\CudaDeviceImages.cuh">
      <Filter>Header Files</Filter>
    </ClInclude>
    <ClInclude Include="Cuda\CudaImageContainer.cuh">
      <Filter>Header Files</Filter>
    </ClInclude>
    <ClInclude Include="Cuda\CudaImageContainerClean.cuh">
      <Filter>Header Files</Filter>
    </ClInclude>
    <ClInclude Include="Cuda\CudaDeviceCount.cuh">
      <Filter>Header Files</Filter>
    </ClInclude>
    <ClInclude Include="Cuda\CWrappers.h">
      <Filter>Header Files</Filter>
    </ClInclude>
    <ClInclude Include="Cuda\CudaDeviceStats.h">
      <Filter>Header Files</Filter>
    </ClInclude>
    <ClInclude Include="Cuda\KernelIterator.cuh">
      <Filter>Header Files</Filter>
    </ClInclude>
    <ClInclude Include="Cuda\ImageContainer.h">
      <Filter>Header Files</Filter>
    </ClInclude>
    <ClInclude Include="Cuda\ImageChunk.h">
      <Filter>Header Files</Filter>
    </ClInclude>
    <ClInclude Include="Cuda\CudaUtilities.h">
      <Filter>Header Files</Filter>
    </ClInclude>
    <ClInclude Include="Cuda\KernelGenerators.h">
      <Filter>Header Files</Filter>
    </ClInclude>
    <ClInclude Include="Cuda\ImageDimensions.cuh">
      <Filter>Header Files</Filter>
    </ClInclude>
    <ClInclude Include="Cuda\CudaDeviceInfo.h">
      <Filter>Header Files</Filter>
    </ClInclude>
    <ClInclude Include="Cuda\FooValueManipulation.cuh">
      <Filter>Header Files</Filter>
    </ClInclude>
    <ClInclude Include="Cuda\FooKernel.cuh">
      <Filter>Header Files</Filter>
    </ClInclude>
    <ClInclude Include="Cuda\Kernel.cuh">
      <Filter>Header Files</Filter>
    </ClInclude>
    <ClInclude Include="Cuda\CudaMemoryStats.cuh">
      <Filter>Header Files</Filter>
    </ClInclude>
    <ClInclude Include="Cuda\CudaMaxFilter.cuh">
      <Filter>Header Files</Filter>
    </ClInclude>
  </ItemGroup>
  <ItemGroup>
    <ClCompile Include="Cuda\CHelpers.cpp">
      <Filter>Source Files</Filter>
    </ClCompile>
    <ClCompile Include="Cuda\CudaDeviceStats.cpp">
      <Filter>Source Files</Filter>
    </ClCompile>
    <ClCompile Include="Cuda\CudaDeviceInfo.cpp">
      <Filter>Source Files</Filter>
    </ClCompile>
    <ClCompile Include="Cuda\CudaUtilities.cpp">
      <Filter>Source Files</Filter>
    </ClCompile>
    <ClCompile Include="Cuda\GaussianKernel.cpp">
      <Filter>Source Files</Filter>
    </ClCompile>
    <ClCompile Include="Cuda\LoGKernel.cpp">
      <Filter>Source Files</Filter>
    </ClCompile>
    <ClCompile Include="Cuda\ImageChunk.cpp">
      <Filter>Source Files</Filter>
    </ClCompile>
  </ItemGroup>
  <ItemGroup>
    <CudaCompile Include="Cuda\CWrappers.cu">
      <Filter>Source Files</Filter>
    </CudaCompile>
    <CudaCompile Include="Cuda\KernelIterator.cu">
      <Filter>Source Files</Filter>
    </CudaCompile>
    <CudaCompile Include="Cuda\Kernel.cu">
      <Filter>Source Files</Filter>
    </CudaCompile>
  </ItemGroup>
</Project>