<?xml version="1.0" encoding="utf-8"?>
<Project ToolsVersion="4.0" xmlns="http://schemas.microsoft.com/developer/msbuild/2003">
  <ItemGroup>
    <Filter Include="Source Files">
      <UniqueIdentifier>{4FC737F1-C7A5-4376-A066-2A32D752A2FF}</UniqueIdentifier>
      <Extensions>cpp;c;cc;cxx;def;odl;idl;hpj;bat;asm;asmx</Extensions>
    </Filter>
    <Filter Include="Header Files">
      <UniqueIdentifier>{93995380-89BD-4b04-88EB-625FBE52EBFB}</UniqueIdentifier>
      <Extensions>h;hpp;hxx;hm;inl;inc;xsd</Extensions>
    </Filter>
    <Filter Include="Resource Files">
      <UniqueIdentifier>{67DA6AB6-F800-4c08-8B7A-83BB121AAD01}</UniqueIdentifier>
      <Extensions>rc;ico;cur;bmp;dlg;rc2;rct;bin;rgs;gif;jpg;jpeg;jpe;resx;tiff;tif;png;wav;mfcribbon-ms</Extensions>
    </Filter>
  </ItemGroup>
  <ItemGroup>
    <ClInclude Include="Cuda\Vec.h">
      <Filter>Header Files</Filter>
    </ClInclude>
    <ClInclude Include="Mex\MexCommand.h">
      <Filter>Header Files</Filter>
    </ClInclude>
    <ClInclude Include="Mex\MexKernel.h">
      <Filter>Header Files</Filter>
    </ClInclude>
    <ClInclude Include="WrapCmds\CommandList.h">
      <Filter>Header Files</Filter>
    </ClInclude>
    <ClInclude Include="Mex\MexWrapDef.h">
      <Filter>Header Files</Filter>
    </ClInclude>
    <ClInclude Include="Mex\MexIncludes.h">
      <Filter>Header Files</Filter>
    </ClInclude>
    <ClInclude Include="Mex\MexTypes.h">
      <Filter>Header Files</Filter>
    </ClInclude>
    <ClInclude Include="WrapCmds\ScriptHelpers.h">
      <Filter>Header Files</Filter>
    </ClInclude>
  </ItemGroup>
  <ItemGroup>
    <ClCompile Include="Mex\CudaMex.cpp">
      <Filter>Source Files</Filter>
    </ClCompile>
    <ClCompile Include="Mex\MexCommand.cpp">
      <Filter>Source Files</Filter>
    </ClCompile>
    <ClCompile Include="Mex\MexDeviceStats.cpp">
      <Filter>Source Files</Filter>
    </ClCompile>
    <ClCompile Include="Mex\MexDeviceCount.cpp">
      <Filter>Source Files</Filter>
    </ClCompile>
    <ClCompile Include="Mex\MexMaxFilter.cpp">
      <Filter>Source Files</Filter>
    </ClCompile>
    <ClCompile Include="Mex\MexMinFilter.cpp">
      <Filter>Source Files</Filter>
    </ClCompile>
    <ClCompile Include="Mex\MexKernel.cpp">
      <Filter>Source Files</Filter>
    </ClCompile>
    <ClCompile Include="Mex\MexMultiplySum.cpp">
      <Filter>Source Files</Filter>
    </ClCompile>
    <ClCompile Include="Mex\MexGaussian.cpp">
      <Filter>Source Files</Filter>
    </ClCompile>
    <ClCompile Include="Mex\MexClosure.cpp">
      <Filter>Source Files</Filter>
    </ClCompile>
    <ClCompile Include="Mex\MexOpener.cpp">
      <Filter>Source Files</Filter>
    </ClCompile>
    <ClCompile Include="Mex\MexMeanFilter.cpp">
      <Filter>Source Files</Filter>
    </ClCompile>
    <ClCompile Include="Mex\MexLoG.cpp">
      <Filter>Source Files</Filter>
    </ClCompile>
    <ClCompile Include="Mex\MexElementWiseDifference.cpp">
      <Filter>Source Files</Filter>
    </ClCompile>
    <ClCompile Include="Mex\MexHighPassFilter.cpp">
      <Filter>Source Files</Filter>
    </ClCompile>
    <ClCompile Include="Mex\MexStdFilter.cpp">
      <Filter>Source Files</Filter>
    </ClCompile>
    <ClCompile Include="Mex\MexMedianFilter.cpp">
      <Filter>Source Files</Filter>
    </ClCompile>
    <ClCompile Include="Mex\MexGetMinMax.cpp">
      <Filter>Source Files</Filter>
    </ClCompile>
    <ClCompile Include="Mex\MexEntropyFilter.cpp">
      <Filter>Source Files</Filter>
    </ClCompile>
    <ClCompile Include="Mex\MexWienerFilter.cpp">
      <Filter>Source Files</Filter>
    </ClCompile>
    <ClCompile Include="Mex\MexSum.cpp">
      <Filter>Source Files</Filter>
    </ClCompile>
    <ClCompile Include="Mex\MexVarFilter.cpp">
      <Filter>Source Files</Filter>
    </ClCompile>
    <ClCompile Include="Mex\MexIdentityFilter.cpp">
      <Filter>Source Files</Filter>
    </ClCompile>
  </ItemGroup>
  <ItemGroup>
    <None Include="Mex\CudaMex.def">
      <Filter>Resource Files</Filter>
    </None>
    <None Include="Mex\_TemplateMex.cpp">
      <Filter>Source Files</Filter>
    </None>
  </ItemGroup>
</Project>