<?xml version="1.0" encoding="utf-8"?>
<Project ToolsVersion="4.0" xmlns="http://schemas.microsoft.com/developer/msbuild/2003">
  <ItemGroup>
    <Filter Include="Header Files">
      <UniqueIdentifier>{44551941-599e-494a-b844-51e1f6389c72}</UniqueIdentifier>
      <Extensions>h;hpp;hxx;hm;inl;inc;xsd</Extensions>
    </Filter>
    <Filter Include="Source Files">
      <UniqueIdentifier>{96dc196a-65f1-4f1a-b383-f78e368c24d1}</UniqueIdentifier>
      <Extensions>cpp;c;cc;cu;cxx;def;odl;idl;hpj;bat;asm;asmx</Extensions>
    </Filter>
  </ItemGroup>
  <ItemGroup>
    <ClInclude Include="CudaImageProccessing\cudaKernals.h">
      <Filter>Header Files</Filter>
    </ClInclude>
    <ClInclude Include="CudaImageProccessing\CudaUtilities.h">
      <Filter>Header Files</Filter>
    </ClInclude>
    <ClInclude Include="CudaImageProccessing\Vec.h">
      <Filter>Header Files</Filter>
    </ClInclude>
  </ItemGroup>
  <ItemGroup>
    <CudaCompile Include="CudaImageProccessing\cudaKernals.cu">
      <Filter>Source Files</Filter>
    </CudaCompile>
    <CudaCompile Include="CudaImageProccessing\CudaUtilities.cu">
      <Filter>Source Files</Filter>
    </CudaCompile>
  </ItemGroup>
</Project>