<?xml version="1.0" encoding="utf-8"?>
<Project ToolsVersion="4.0" xmlns="http://schemas.microsoft.com/developer/msbuild/2003">
  <ItemGroup>
    <Filter Include="Source Files">
      <UniqueIdentifier>{4FC737F1-C7A5-4376-A066-2A32D752A2FF}</UniqueIdentifier>
      <Extensions>cpp;c;cc;cxx;def;odl;idl;hpj;bat;asm;asmx</Extensions>
    </Filter>
    <Filter Include="Header Files">
      <UniqueIdentifier>{93995380-89BD-4b04-88EB-625FBE52EBFB}</UniqueIdentifier>
      <Extensions>h;hpp;hxx;hm;inl;inc;xsd</Extensions>
    </Filter>
    <Filter Include="Resource Files">
      <UniqueIdentifier>{67DA6AB6-F800-4c08-8B7A-83BB121AAD01}</UniqueIdentifier>
      <Extensions>rc;ico;cur;bmp;dlg;rc2;rct;bin;rgs;gif;jpg;jpeg;jpe;resx;tiff;tif;png;wav;mfcribbon-ms</Extensions>
    </Filter>
  </ItemGroup>
  <ItemGroup>
    <ClCompile Include="CudaMex\CudaMex.cpp">
      <Filter>Source Files</Filter>
    </ClCompile>
    <ClCompile Include="CudaMex\MexCommand.cpp">
      <Filter>Source Files</Filter>
    </ClCompile>
    <ClCompile Include="CudaMex\AddConstant.cpp">
      <Filter>Source Files</Filter>
    </ClCompile>
    <ClCompile Include="CudaMex\AddImageWith.cpp">
      <Filter>Source Files</Filter>
    </ClCompile>
    <ClCompile Include="CudaMex\ApplyPolyTransformation.cpp">
      <Filter>Source Files</Filter>
    </ClCompile>
    <ClCompile Include="CudaMex\CalculateMinMax.cpp">
      <Filter>Source Files</Filter>
    </ClCompile>
    <ClCompile Include="CudaMex\ContrastEnhancement.cpp">
      <Filter>Source Files</Filter>
    </ClCompile>
    <ClCompile Include="CudaMex\GaussianFilter.cpp">
      <Filter>Source Files</Filter>
    </ClCompile>
    <ClCompile Include="CudaMex\MaximumIntensityProjection.cpp">
      <Filter>Source Files</Filter>
    </ClCompile>
    <ClCompile Include="CudaMex\MeanFilter.cpp">
      <Filter>Source Files</Filter>
    </ClCompile>
    <ClCompile Include="CudaMex\MedianFilter.cpp">
      <Filter>Source Files</Filter>
    </ClCompile>
    <ClCompile Include="CudaMex\MultiplyImage.cpp">
      <Filter>Source Files</Filter>
    </ClCompile>
    <ClCompile Include="CudaMex\MultiplyImageWith.cpp">
      <Filter>Source Files</Filter>
    </ClCompile>
    <ClCompile Include="CudaMex\ImagePow.cpp">
      <Filter>Source Files</Filter>
    </ClCompile>
    <ClCompile Include="CudaMex\SumArray.cpp">
      <Filter>Source Files</Filter>
    </ClCompile>
    <ClCompile Include="CudaMex\ReduceImage.cpp">
      <Filter>Source Files</Filter>
    </ClCompile>
    <ClCompile Include="CudaMex\ThresholdFilter.cpp">
      <Filter>Source Files</Filter>
    </ClCompile>
    <ClCompile Include="CudaMex\Unmix.cpp">
      <Filter>Source Files</Filter>
    </ClCompile>
    <ClCompile Include="CudaMex\Histogram.cpp">
      <Filter>Source Files</Filter>
    </ClCompile>
    <ClCompile Include="CudaMex\NormalizedCovariance.cpp">
      <Filter>Source Files</Filter>
    </ClCompile>
    <ClCompile Include="CudaMex\NormalizedHistogram.cpp">
      <Filter>Source Files</Filter>
    </ClCompile>
    <ClCompile Include="CudaMex\OtsuThresholdFilter.cpp">
      <Filter>Source Files</Filter>
    </ClCompile>
    <ClCompile Include="CudaMex\OtsuThesholdValue.cpp">
      <Filter>Source Files</Filter>
    </ClCompile>
    <ClCompile Include="CudaMex\MaxFilterKernal.cpp">
      <Filter>Source Files</Filter>
    </ClCompile>
    <ClCompile Include="CudaMex\MinFilterKernal.cpp">
      <Filter>Source Files</Filter>
    </ClCompile>
    <ClCompile Include="CudaMex\MaxFilterCircle.cpp">
      <Filter>Source Files</Filter>
    </ClCompile>
    <ClCompile Include="CudaMex\MinFilterCircle.cpp">
      <Filter>Source Files</Filter>
    </ClCompile>
    <ClCompile Include="CudaMex\MaxFilterNeighborHood.cpp">
      <Filter>Source Files</Filter>
    </ClCompile>
    <ClCompile Include="CudaMex\MinFilterNeighborhood.cpp">
      <Filter>Source Files</Filter>
    </ClCompile>
    <ClCompile Include="Common\CHelpers.cpp">
      <Filter>Source Files</Filter>
    </ClCompile>
  </ItemGroup>
  <ItemGroup>
    <CudaCompile Include="CudaMex\Process.cu">
      <Filter>Source Files</Filter>
    </CudaCompile>
    <CudaCompile Include="Common\CudaUtilities.cu">
      <Filter>Source Files</Filter>
    </CudaCompile>
  </ItemGroup>
  <ItemGroup>
    <None Include="CudaMex\CudaMex.def">
      <Filter>Resource Files</Filter>
    </None>
  </ItemGroup>
  <ItemGroup>
    <ClInclude Include="CudaMex\Process.h">
      <Filter>Header Files</Filter>
    </ClInclude>
    <ClInclude Include="Common\CudaImageBuffer.cuh">
      <Filter>Header Files</Filter>
    </ClInclude>
    <ClInclude Include="Common\Vec.h">
      <Filter>Header Files</Filter>
    </ClInclude>
    <ClInclude Include="Common\VecFuncs.h">
      <Filter>Header Files</Filter>
    </ClInclude>
    <ClInclude Include="CudaMex\MexCommand.h">
      <Filter>Header Files</Filter>
    </ClInclude>
    <ClInclude Include="Common\CHelpers.h">
      <Filter>Header Files</Filter>
    </ClInclude>
    <ClInclude Include="Common\CudaKernels.cuh">
      <Filter>Source Files</Filter>
    </ClInclude>
    <ClInclude Include="Common\CudaUtilities.cuh">
      <Filter>Source Files</Filter>
    </ClInclude>
  </ItemGroup>
</Project>