<?xml version="1.0" encoding="utf-8"?>
<Project ToolsVersion="4.0" xmlns="http://schemas.microsoft.com/developer/msbuild/2003">
  <ItemGroup>
    <Filter Include="Header Files">
      <UniqueIdentifier>{9315d6db-18e6-494b-8ba4-f9746589b300}</UniqueIdentifier>
      <Extensions>h;cuh</Extensions>
    </Filter>
    <Filter Include="Source Files">
      <UniqueIdentifier>{32b6812c-a179-48e2-99db-6a8951810c44}</UniqueIdentifier>
      <Extensions>c;cpp;cu</Extensions>
    </Filter>
  </ItemGroup>
  <ItemGroup>
    <ClInclude Include="Cuda\CHelpers.h">
      <Filter>Header Files</Filter>
    </ClInclude>
    <ClInclude Include="Cuda\Defines.h">
      <Filter>Header Files</Filter>
    </ClInclude>
    <ClInclude Include="Cuda\Vec.h">
      <Filter>Header Files</Filter>
    </ClInclude>
    <ClInclude Include="Cuda\VecFuncs.h">
      <Filter>Header Files</Filter>
    </ClInclude>
    <ClInclude Include="Cuda\CudaAdd.cuh">
      <Filter>Header Files</Filter>
    </ClInclude>
    <ClInclude Include="Cuda\CudaContrastEnhancement.cuh">
      <Filter>Header Files</Filter>
    </ClInclude>
    <ClInclude Include="Cuda\CudaDeviceImages.cuh">
      <Filter>Header Files</Filter>
    </ClInclude>
    <ClInclude Include="Cuda\CudaGaussianFilter.cuh">
      <Filter>Header Files</Filter>
    </ClInclude>
    <ClInclude Include="Cuda\CudaGetMinMax.cuh">
      <Filter>Header Files</Filter>
    </ClInclude>
    <ClInclude Include="Cuda\CudaGetROI.cuh">
      <Filter>Header Files</Filter>
    </ClInclude>
    <ClInclude Include="Cuda\CudaHistogram.cuh">
      <Filter>Header Files</Filter>
    </ClInclude>
    <ClInclude Include="Cuda\CudaImageContainer.cuh">
      <Filter>Header Files</Filter>
    </ClInclude>
    <ClInclude Include="Cuda\CudaImageContainerClean.cuh">
      <Filter>Header Files</Filter>
    </ClInclude>
    <ClInclude Include="Cuda\CudaImageReduction.cuh">
      <Filter>Header Files</Filter>
    </ClInclude>
    <ClInclude Include="Cuda\CudaIntensityProjection.cuh">
      <Filter>Header Files</Filter>
    </ClInclude>
    <ClInclude Include="Cuda\CudaMask.cuh">
      <Filter>Header Files</Filter>
    </ClInclude>
    <ClInclude Include="Cuda\CudaMaxFilter.cuh">
      <Filter>Header Files</Filter>
    </ClInclude>
    <ClInclude Include="Cuda\CudaMeanFilter.cuh">
      <Filter>Header Files</Filter>
    </ClInclude>
    <ClInclude Include="Cuda\CudaMedianFilter.cuh">
      <Filter>Header Files</Filter>
    </ClInclude>
    <ClInclude Include="Cuda\CudaMinFilter.cuh">
      <Filter>Header Files</Filter>
    </ClInclude>
    <ClInclude Include="Cuda\CudaMorphologicalOperations.cuh">
      <Filter>Header Files</Filter>
    </ClInclude>
    <ClInclude Include="Cuda\CudaMultAddFilter.cuh">
      <Filter>Header Files</Filter>
    </ClInclude>
    <ClInclude Include="Cuda\CudaMultiplyImage.cuh">
      <Filter>Header Files</Filter>
    </ClInclude>
    <ClInclude Include="Cuda\CudaNormalizedCovariance.cuh">
      <Filter>Header Files</Filter>
    </ClInclude>
    <ClInclude Include="Cuda\CudaPolyTransferFunc.cuh">
      <Filter>Header Files</Filter>
    </ClInclude>
    <ClInclude Include="Cuda\CudaPow.cuh">
      <Filter>Header Files</Filter>
    </ClInclude>
    <ClInclude Include="Cuda\CudaSum.cuh">
      <Filter>Header Files</Filter>
    </ClInclude>
    <ClInclude Include="Cuda\CudaThreshold.cuh">
      <Filter>Header Files</Filter>
    </ClInclude>
    <ClInclude Include="Cuda\CudaUtilities.cuh">
      <Filter>Header Files</Filter>
    </ClInclude>
    <ClInclude Include="Cuda\CWrappers.cuh">
      <Filter>Header Files</Filter>
    </ClInclude>
    <ClInclude Include="Cuda\ImageChunk.cuh">
      <Filter>Header Files</Filter>
    </ClInclude>
    <ClInclude Include="Cuda\CudaSegment.cuh">
      <Filter>Header Files</Filter>
    </ClInclude>
    <ClInclude Include="Cuda\CudaMarkovRandomFieldDenoiser.cuh">
      <Filter>Header Files</Filter>
    </ClInclude>
    <ClInclude Include="Cuda\CudaVariance.cuh">
      <Filter>Header Files</Filter>
    </ClInclude>
    <ClInclude Include="Cuda\CudaConvertType.cuh">
      <Filter>Header Files</Filter>
    </ClInclude>
  </ItemGroup>
  <ItemGroup>
    <ClCompile Include="Cuda\CHelpers.cpp">
      <Filter>Source Files</Filter>
    </ClCompile>
  </ItemGroup>
  <ItemGroup>
    <CudaCompile Include="Cuda\CudaUtilities.cu">
      <Filter>Source Files</Filter>
    </CudaCompile>
    <CudaCompile Include="Cuda\CWrappers.cu">
      <Filter>Source Files</Filter>
    </CudaCompile>
    <CudaCompile Include="Cuda\ImageChunk.cu">
      <Filter>Source Files</Filter>
    </CudaCompile>
  </ItemGroup>
</Project>