<?xml version="1.0" encoding="utf-8"?>
<Project ToolsVersion="4.0" xmlns="http://schemas.microsoft.com/developer/msbuild/2003">
  <ItemGroup>
    <Filter Include="Source Files">
      <UniqueIdentifier>{4FC737F1-C7A5-4376-A066-2A32D752A2FF}</UniqueIdentifier>
      <Extensions>cpp;c;cc;cxx;def;odl;idl;hpj;bat;asm;asmx</Extensions>
    </Filter>
    <Filter Include="Header Files">
      <UniqueIdentifier>{93995380-89BD-4b04-88EB-625FBE52EBFB}</UniqueIdentifier>
      <Extensions>h;hh;hpp;hxx;hm;inl;inc;xsd</Extensions>
    </Filter>
    <Filter Include="Resource Files">
      <UniqueIdentifier>{67DA6AB6-F800-4c08-8B7A-83BB121AAD01}</UniqueIdentifier>
      <Extensions>rc;ico;cur;bmp;dlg;rc2;rct;bin;rgs;gif;jpg;jpeg;jpe;resx;tiff;tif;png;wav;mfcribbon-ms</Extensions>
    </Filter>
    <Filter Include="Header Files\mph">
      <UniqueIdentifier>{1d57e46c-a421-4ecd-9fce-a4caca83cb16}</UniqueIdentifier>
    </Filter>
  </ItemGroup>
  <ItemGroup>
    <ClCompile Include="Python\hip_module.cpp">
      <Filter>Source Files</Filter>
    </ClCompile>
    <ClCompile Include="Python\PyCommandModule.cpp">
      <Filter>Source Files</Filter>
    </ClCompile>
  </ItemGroup>
  <ItemGroup>
    <ClInclude Include="WrapCmds\CommandList.h">
      <Filter>Header Files</Filter>
    </ClInclude>
    <ClInclude Include="Python\PyIncludes.h">
      <Filter>Header Files</Filter>
    </ClInclude>
    <ClInclude Include="WrapCmds\ScriptHelpers.h">
      <Filter>Header Files</Filter>
    </ClInclude>
    <ClInclude Include="Python\PyTypes.h">
      <Filter>Header Files</Filter>
    </ClInclude>
    <ClInclude Include="WrapCmds\ScriptCommands.h">
      <Filter>Header Files</Filter>
    </ClInclude>
    <ClInclude Include="WrapCmds\ScriptCommand.h">
      <Filter>Header Files</Filter>
    </ClInclude>
    <ClInclude Include="WrapCmds\ScriptTraits.h">
      <Filter>Header Files</Filter>
    </ClInclude>
    <ClInclude Include="WrapCmds\ScriptTraitTfms.h">
      <Filter>Header Files</Filter>
    </ClInclude>
    <ClInclude Include="WrapCmds\GenCommands.h">
      <Filter>Header Files</Filter>
    </ClInclude>
    <ClInclude Include="WrapCmds\LinkageTraitTfms.h">
      <Filter>Header Files</Filter>
    </ClInclude>
    <ClInclude Include="WrapCmds\ScriptCommandImpl.h">
      <Filter>Header Files</Filter>
    </ClInclude>
    <ClInclude Include="WrapCmds\ScrCmdClosure.h">
      <Filter>Header Files</Filter>
    </ClInclude>
    <ClInclude Include="WrapCmds\ArgConverter.h">
      <Filter>Header Files</Filter>
    </ClInclude>
    <ClInclude Include="WrapCmds\PyArgConverter.h">
      <Filter>Header Files</Filter>
    </ClInclude>
    <ClInclude Include="mph\const_string.h">
      <Filter>Header Files\mph</Filter>
    </ClInclude>
    <ClInclude Include="mph\integer_sequence.h">
      <Filter>Header Files\mph</Filter>
    </ClInclude>
    <ClInclude Include="mph\qualifier_helpers.h">
      <Filter>Header Files\mph</Filter>
    </ClInclude>
    <ClInclude Include="mph\tuple_helpers.h">
      <Filter>Header Files\mph</Filter>
    </ClInclude>
    <ClInclude Include="mph\preproc_helper.h">
      <Filter>Header Files\mph</Filter>
    </ClInclude>
    <ClInclude Include="WrapCmds\ScrCmdHelp.h">
      <Filter>Header Files</Filter>
    </ClInclude>
    <ClInclude Include="WrapCmds\ScriptioMaps.h">
      <Filter>Header Files</Filter>
    </ClInclude>
    <ClInclude Include="WrapCmds\ScriptCommandDefines.h">
      <Filter>Header Files</Filter>
    </ClInclude>
    <ClInclude Include="WrapCmds\ScriptIncludes.h">
      <Filter>Header Files</Filter>
    </ClInclude>
    <ClInclude Include="WrapCmds\ScriptCommandModule.h">
      <Filter>Header Files</Filter>
    </ClInclude>
  </ItemGroup>
  <ItemGroup>
    <None Include="packages.config" />
  </ItemGroup>
</Project>