<?xml version="1.0" encoding="utf-8"?>
<Project ToolsVersion="4.0" xmlns="http://schemas.microsoft.com/developer/msbuild/2003">
  <ItemGroup>
    <Filter Include="Source Files">
      <UniqueIdentifier>{4FC737F1-C7A5-4376-A066-2A32D752A2FF}</UniqueIdentifier>
      <Extensions>cpp;c;cc;cxx;def;odl;idl;hpj;bat;asm;asmx</Extensions>
    </Filter>
    <Filter Include="Header Files">
      <UniqueIdentifier>{93995380-89BD-4b04-88EB-625FBE52EBFB}</UniqueIdentifier>
      <Extensions>h;hh;hpp;hxx;hm;inl;inc;xsd</Extensions>
    </Filter>
    <Filter Include="Resource Files">
      <UniqueIdentifier>{67DA6AB6-F800-4c08-8B7A-83BB121AAD01}</UniqueIdentifier>
      <Extensions>rc;ico;cur;bmp;dlg;rc2;rct;bin;rgs;gif;jpg;jpeg;jpe;resx;tiff;tif;png;wav;mfcribbon-ms</Extensions>
    </Filter>
  </ItemGroup>
  <ItemGroup>
    <ClCompile Include="Python\hip_module.cpp">
      <Filter>Source Files</Filter>
    </ClCompile>
    <ClCompile Include="Python\PyWrapCommand.cpp">
      <Filter>Source Files</Filter>
    </ClCompile>
    <ClCompile Include="Python\PyWrapDeviceCount.cpp">
      <Filter>Source Files</Filter>
    </ClCompile>
    <ClCompile Include="Python\PyWrapDeviceStats.cpp">
      <Filter>Source Files</Filter>
    </ClCompile>
    <ClCompile Include="Python\PyWrapClosure.cpp">
      <Filter>Source Files</Filter>
    </ClCompile>
    <ClCompile Include="Python\PyKernel.cpp">
      <Filter>Source Files</Filter>
    </ClCompile>
    <ClCompile Include="Python\PyWrapElementWiseDifference.cpp">
      <Filter>Source Files</Filter>
    </ClCompile>
    <ClCompile Include="Python\PyWrapEntropyFilter.cpp">
      <Filter>Source Files</Filter>
    </ClCompile>
    <ClCompile Include="Python\PyWrapGaussian.cpp">
      <Filter>Source Files</Filter>
    </ClCompile>
    <ClCompile Include="Python\PyWrapGetMinMax.cpp">
      <Filter>Source Files</Filter>
    </ClCompile>
    <ClCompile Include="Python\PyWrapHighPassFilter.cpp">
      <Filter>Source Files</Filter>
    </ClCompile>
    <ClCompile Include="Python\PyWrapLoG.cpp">
      <Filter>Source Files</Filter>
    </ClCompile>
    <ClCompile Include="Python\PyWrapMaxFilter.cpp">
      <Filter>Source Files</Filter>
    </ClCompile>
    <ClCompile Include="Python\PyWrapMeanFilter.cpp">
      <Filter>Source Files</Filter>
    </ClCompile>
    <ClCompile Include="Python\PyWrapMedianFilter.cpp">
      <Filter>Source Files</Filter>
    </ClCompile>
    <ClCompile Include="Python\PyWrapMinFilter.cpp">
      <Filter>Source Files</Filter>
    </ClCompile>
    <ClCompile Include="Python\PyWrapOpener.cpp">
      <Filter>Source Files</Filter>
    </ClCompile>
    <ClCompile Include="Python\PyWrapStdFilter.cpp">
      <Filter>Source Files</Filter>
    </ClCompile>
    <ClCompile Include="Python\PyWrapSum.cpp">
      <Filter>Source Files</Filter>
    </ClCompile>
    <ClCompile Include="Python\PyWrapVarFilter.cpp">
      <Filter>Source Files</Filter>
    </ClCompile>
    <ClCompile Include="Python\PyWrapWienerFilter.cpp">
      <Filter>Source Files</Filter>
    </ClCompile>
    <ClCompile Include="Python\PyWrapMultiplySum.cpp">
      <Filter>Source Files</Filter>
    </ClCompile>
    <ClCompile Include="Python\PyWrapIdentityFilter.cpp">
      <Filter>Source Files</Filter>
    </ClCompile>
    <ClCompile Include="WrapCmds\TestCommands.cpp">
      <Filter>Source Files</Filter>
    </ClCompile>
  </ItemGroup>
  <ItemGroup>
    <ClInclude Include="WrapCmds\CommandList.h">
      <Filter>Header Files</Filter>
    </ClInclude>
    <ClInclude Include="Python\PyWrapDef.h">
      <Filter>Header Files</Filter>
    </ClInclude>
    <ClInclude Include="Python\PyWrapCommand.h">
      <Filter>Header Files</Filter>
    </ClInclude>
    <ClInclude Include="Python\PyKernel.h">
      <Filter>Header Files</Filter>
    </ClInclude>
    <ClInclude Include="Python\PyIncludes.h">
      <Filter>Header Files</Filter>
    </ClInclude>
    <ClInclude Include="WrapCmds\ScriptHelpers.h">
      <Filter>Header Files</Filter>
    </ClInclude>
    <ClInclude Include="Python\PyTypes.h">
      <Filter>Header Files</Filter>
    </ClInclude>
    <ClInclude Include="WrapCmds\ScriptCommands.h">
      <Filter>Header Files</Filter>
    </ClInclude>
    <ClInclude Include="WrapCmds\ScriptCommand.h">
      <Filter>Header Files</Filter>
    </ClInclude>
    <ClInclude Include="WrapCmds\PyConverters.h">
      <Filter>Header Files</Filter>
    </ClInclude>
    <ClInclude Include="mph\integer_sequence.h">
      <Filter>Header Files</Filter>
    </ClInclude>
    <ClInclude Include="mph\tuple_helpers.h">
      <Filter>Header Files</Filter>
    </ClInclude>
    <ClInclude Include="mph\qualifier_helpers.h">
      <Filter>Header Files</Filter>
    </ClInclude>
    <ClInclude Include="WrapCmds\ScriptTraits.h">
      <Filter>Header Files</Filter>
    </ClInclude>
    <ClInclude Include="WrapCmds\ArgParser.h">
      <Filter>Header Files</Filter>
    </ClInclude>
    <ClInclude Include="WrapCmds\ScriptTraitTfms.h">
      <Filter>Header Files</Filter>
    </ClInclude>
    <ClInclude Include="mph\preproc_helper.h">
      <Filter>Header Files</Filter>
    </ClInclude>
  </ItemGroup>
  <ItemGroup>
    <None Include="packages.config" />
  </ItemGroup>
</Project>